
Microsoft Visual Studio Solution File, Format Version 12.00
# Visual Studio Version 17
VisualStudioVersion = 17.0.32112.339
MinimumVisualStudioVersion = 10.0.40219.1
Project("{FAE04EC0-301F-11D3-BF4B-00C04F79EFBC}") = "CronusWebApplication", "CronusWebApplication\CronusWebApplication.csproj", "{EDD73A87-6D8C-4459-A78E-A871EC46A905}"
EndProject
Project("{FAE04EC0-301F-11D3-BF4B-00C04F79EFBC}") = "EmployeeWindowsForms", "EmployeeWindowsForms\EmployeeWindowsForms.csproj", "{04DFE7F5-DA73-4894-BB6B-F187F581E131}"
	ProjectSection(ProjectDependencies) = postProject
		{EDD73A87-6D8C-4459-A78E-A871EC46A905} = {EDD73A87-6D8C-4459-A78E-A871EC46A905}
	EndProjectSection
EndProject
Project("{FAE04EC0-301F-11D3-BF4B-00C04F79EFBC}") = "ConsoleTest", "ConsoleTest\ConsoleTest.csproj", "{4B1103DD-538B-4F93-93DA-EA8AA50EDA24}"
EndProject
Global
	GlobalSection(SolutionConfigurationPlatforms) = preSolution
		Debug|Any CPU = Debug|Any CPU
		Release|Any CPU = Release|Any CPU
	EndGlobalSection
	GlobalSection(ProjectConfigurationPlatforms) = postSolution
		{EDD73A87-6D8C-4459-A78E-A871EC46A905}.Debug|Any CPU.ActiveCfg = Debug|Any CPU
		{EDD73A87-6D8C-4459-A78E-A871EC46A905}.Debug|Any CPU.Build.0 = Debug|Any CPU
		{EDD73A87-6D8C-4459-A78E-A871EC46A905}.Release|Any CPU.ActiveCfg = Release|Any CPU
		{EDD73A87-6D8C-4459-A78E-A871EC46A905}.Release|Any CPU.Build.0 = Release|Any CPU
		{04DFE7F5-DA73-4894-BB6B-F187F581E131}.Debug|Any CPU.ActiveCfg = Debug|Any CPU
		{04DFE7F5-DA73-4894-BB6B-F187F581E131}.Debug|Any CPU.Build.0 = Debug|Any CPU
		{04DFE7F5-DA73-4894-BB6B-F187F581E131}.Release|Any CPU.ActiveCfg = Release|Any CPU
		{04DFE7F5-DA73-4894-BB6B-F187F581E131}.Release|Any CPU.Build.0 = Release|Any CPU
		{4B1103DD-538B-4F93-93DA-EA8AA50EDA24}.Debug|Any CPU.ActiveCfg = Debug|Any CPU
		{4B1103DD-538B-4F93-93DA-EA8AA50EDA24}.Debug|Any CPU.Build.0 = Debug|Any CPU
		{4B1103DD-538B-4F93-93DA-EA8AA50EDA24}.Release|Any CPU.ActiveCfg = Release|Any CPU
		{4B1103DD-538B-4F93-93DA-EA8AA50EDA24}.Release|Any CPU.Build.0 = Release|Any CPU
	EndGlobalSection
	GlobalSection(SolutionProperties) = preSolution
		HideSolutionNode = FALSE
	EndGlobalSection
	GlobalSection(ExtensibilityGlobals) = postSolution
		SolutionGuid = {0BEA313C-B956-4BB3-BDFE-B84088E67682}
	EndGlobalSection
EndGlobal
